
Microsoft Visual Studio Solution File, Format Version 12.00
# Visual Studio Version 16
VisualStudioVersion = 16.0.30611.23
MinimumVisualStudioVersion = 10.0.40219.1
Project("{FAE04EC0-301F-11D3-BF4B-00C04F79EFBC}") = "Nobel", "Nobel\Nobel.csproj", "{D76D74E4-6EC5-4297-992F-1DD0337EF1C8}"
EndProject
Global
	GlobalSection(SolutionConfigurationPlatforms) = preSolution
		Debug|Any CPU = Debug|Any CPU
		Release|Any CPU = Release|Any CPU
	EndGlobalSection
	GlobalSection(ProjectConfigurationPlatforms) = postSolution
		{D76D74E4-6EC5-4297-992F-1DD0337EF1C8}.Debug|Any CPU.ActiveCfg = Debug|Any CPU
		{D76D74E4-6EC5-4297-992F-1DD0337EF1C8}.Debug|Any CPU.Build.0 = Debug|Any CPU
		{D76D74E4-6EC5-4297-992F-1DD0337EF1C8}.Release|Any CPU.ActiveCfg = Release|Any CPU
		{D76D74E4-6EC5-4297-992F-1DD0337EF1C8}.Release|Any CPU.Build.0 = Release|Any CPU
	EndGlobalSection
	GlobalSection(SolutionProperties) = preSolution
		HideSolutionNode = FALSE
	EndGlobalSection
	GlobalSection(ExtensibilityGlobals) = postSolution
		SolutionGuid = {D882295E-E765-4DA8-BF9C-44312C453DE5}
	EndGlobalSection
EndGlobal
